
Microsoft Visual Studio Solution File, Format Version 12.00
# Visual Studio 2012
Project("{FAE04EC0-301F-11D3-BF4B-00C04F79EFBC}") = "AE.MachineLearning.NeuralNet.Core", "AE.MachineLearning.NeuralNet.Core\AE.MachineLearning.NeuralNet.Core.csproj", "{AFEEE0BD-0A9F-4207-9637-3EA7035DC716}"
EndProject
Project("{FAE04EC0-301F-11D3-BF4B-00C04F79EFBC}") = "AE.MachineLearning.NeuralNet.App", "AE.MachineLearning.NeuralNet.App\AE.MachineLearning.NeuralNet.App.csproj", "{C2D1FB3F-0EF5-42B7-AA56-2BD8441D6C9A}"
EndProject
Global
	GlobalSection(SolutionConfigurationPlatforms) = preSolution
		Debug|Any CPU = Debug|Any CPU
		Release|Any CPU = Release|Any CPU
	EndGlobalSection
	GlobalSection(ProjectConfigurationPlatforms) = postSolution
		{AFEEE0BD-0A9F-4207-9637-3EA7035DC716}.Debug|Any CPU.ActiveCfg = Debug|Any CPU
		{AFEEE0BD-0A9F-4207-9637-3EA7035DC716}.Debug|Any CPU.Build.0 = Debug|Any CPU
		{AFEEE0BD-0A9F-4207-9637-3EA7035DC716}.Release|Any CPU.ActiveCfg = Release|Any CPU
		{AFEEE0BD-0A9F-4207-9637-3EA7035DC716}.Release|Any CPU.Build.0 = Release|Any CPU
		{C2D1FB3F-0EF5-42B7-AA56-2BD8441D6C9A}.Debug|Any CPU.ActiveCfg = Debug|Any CPU
		{C2D1FB3F-0EF5-42B7-AA56-2BD8441D6C9A}.Debug|Any CPU.Build.0 = Debug|Any CPU
		{C2D1FB3F-0EF5-42B7-AA56-2BD8441D6C9A}.Release|Any CPU.ActiveCfg = Release|Any CPU
		{C2D1FB3F-0EF5-42B7-AA56-2BD8441D6C9A}.Release|Any CPU.Build.0 = Release|Any CPU
	EndGlobalSection
	GlobalSection(SolutionProperties) = preSolution
		HideSolutionNode = FALSE
	EndGlobalSection
EndGlobal
