
Microsoft Visual Studio Solution File, Format Version 12.00
# Visual Studio 2012
Project("{FAE04EC0-301F-11D3-BF4B-00C04F79EFBC}") = "AE.MachineLearning.NeuralNet.Core", "AE.MachineLearning.NeuralNet.Core\AE.MachineLearning.NeuralNet.Core.csproj", "{AFEEE0BD-0A9F-4207-9637-3EA7035DC716}"
EndProject
Project("{2150E333-8FDC-42A3-9474-1A3956D46DE8}") = "Tests", "Tests", "{9BFF99FD-F1A7-4F1A-96DA-C4D7ED343CA9}"
EndProject
Project("{FAE04EC0-301F-11D3-BF4B-00C04F79EFBC}") = "AE.MachineLearning.NeuralNet.Tests.Core", "AE.MachineLearning.NeuralNet.Tests.Core\AE.MachineLearning.NeuralNet.Tests.Core.csproj", "{F8733AAA-8A16-4D11-8257-43D05195DC9C}"
EndProject
Project("{FAE04EC0-301F-11D3-BF4B-00C04F79EFBC}") = "Microsoft.Implementation.Test.Console", "Microsoft.Implementation.Test.Console\Microsoft.Implementation.Test.Console.csproj", "{5B2C15C4-6478-4CFF-859C-7B0082CF13E8}"
EndProject
Project("{FAE04EC0-301F-11D3-BF4B-00C04F79EFBC}") = "AE.MachineLearning.HandWrittenDigits.App", "AE.MachineLearning.HandWrittenDigits.App\AE.MachineLearning.HandWrittenDigits.App.csproj", "{44DD5464-A696-4B92-97DC-EB6DCAF60ED8}"
EndProject
Project("{FAE04EC0-301F-11D3-BF4B-00C04F79EFBC}") = "AE.MachineLearning.HandWrittenDigits.Test.App", "AE.MachineLearning.HandWrittenDigits.Test.App\AE.MachineLearning.HandWrittenDigits.Test.App.csproj", "{8BF85CEC-A6FA-4063-A94F-7F80798D562F}"
EndProject
Project("{2150E333-8FDC-42A3-9474-1A3956D46DE8}") = "Solution Items", "Solution Items", "{617B2A2F-0B63-4C9A-9DD5-1656FE4C9509}"
	ProjectSection(SolutionItems) = preProject
		README.md = README.md
	EndProjectSection
EndProject
Global
	GlobalSection(SolutionConfigurationPlatforms) = preSolution
		Debug|Any CPU = Debug|Any CPU
		Release|Any CPU = Release|Any CPU
	EndGlobalSection
	GlobalSection(ProjectConfigurationPlatforms) = postSolution
		{AFEEE0BD-0A9F-4207-9637-3EA7035DC716}.Debug|Any CPU.ActiveCfg = Debug|Any CPU
		{AFEEE0BD-0A9F-4207-9637-3EA7035DC716}.Debug|Any CPU.Build.0 = Debug|Any CPU
		{AFEEE0BD-0A9F-4207-9637-3EA7035DC716}.Release|Any CPU.ActiveCfg = Release|Any CPU
		{AFEEE0BD-0A9F-4207-9637-3EA7035DC716}.Release|Any CPU.Build.0 = Release|Any CPU
		{F8733AAA-8A16-4D11-8257-43D05195DC9C}.Debug|Any CPU.ActiveCfg = Debug|Any CPU
		{F8733AAA-8A16-4D11-8257-43D05195DC9C}.Debug|Any CPU.Build.0 = Debug|Any CPU
		{F8733AAA-8A16-4D11-8257-43D05195DC9C}.Release|Any CPU.ActiveCfg = Release|Any CPU
		{F8733AAA-8A16-4D11-8257-43D05195DC9C}.Release|Any CPU.Build.0 = Release|Any CPU
		{5B2C15C4-6478-4CFF-859C-7B0082CF13E8}.Debug|Any CPU.ActiveCfg = Debug|Any CPU
		{5B2C15C4-6478-4CFF-859C-7B0082CF13E8}.Debug|Any CPU.Build.0 = Debug|Any CPU
		{5B2C15C4-6478-4CFF-859C-7B0082CF13E8}.Release|Any CPU.ActiveCfg = Release|Any CPU
		{5B2C15C4-6478-4CFF-859C-7B0082CF13E8}.Release|Any CPU.Build.0 = Release|Any CPU
		{44DD5464-A696-4B92-97DC-EB6DCAF60ED8}.Debug|Any CPU.ActiveCfg = Debug|Any CPU
		{44DD5464-A696-4B92-97DC-EB6DCAF60ED8}.Debug|Any CPU.Build.0 = Debug|Any CPU
		{44DD5464-A696-4B92-97DC-EB6DCAF60ED8}.Release|Any CPU.ActiveCfg = Release|Any CPU
		{44DD5464-A696-4B92-97DC-EB6DCAF60ED8}.Release|Any CPU.Build.0 = Release|Any CPU
		{8BF85CEC-A6FA-4063-A94F-7F80798D562F}.Debug|Any CPU.ActiveCfg = Debug|Any CPU
		{8BF85CEC-A6FA-4063-A94F-7F80798D562F}.Debug|Any CPU.Build.0 = Debug|Any CPU
		{8BF85CEC-A6FA-4063-A94F-7F80798D562F}.Release|Any CPU.ActiveCfg = Release|Any CPU
		{8BF85CEC-A6FA-4063-A94F-7F80798D562F}.Release|Any CPU.Build.0 = Release|Any CPU
	EndGlobalSection
	GlobalSection(SolutionProperties) = preSolution
		HideSolutionNode = FALSE
	EndGlobalSection
	GlobalSection(NestedProjects) = preSolution
		{F8733AAA-8A16-4D11-8257-43D05195DC9C} = {9BFF99FD-F1A7-4F1A-96DA-C4D7ED343CA9}
		{5B2C15C4-6478-4CFF-859C-7B0082CF13E8} = {9BFF99FD-F1A7-4F1A-96DA-C4D7ED343CA9}
		{8BF85CEC-A6FA-4063-A94F-7F80798D562F} = {9BFF99FD-F1A7-4F1A-96DA-C4D7ED343CA9}
	EndGlobalSection
EndGlobal
