
Microsoft Visual Studio Solution File, Format Version 12.00
# Visual Studio 2012
Project("{FAE04EC0-301F-11D3-BF4B-00C04F79EFBC}") = "AE.MachineLearning.NeuralNet.Core", "AE.MachineLearning.NeuralNet.Core\AE.MachineLearning.NeuralNet.Core.csproj", "{AFEEE0BD-0A9F-4207-9637-3EA7035DC716}"
EndProject
Project("{2150E333-8FDC-42A3-9474-1A3956D46DE8}") = "Tests", "Tests", "{9BFF99FD-F1A7-4F1A-96DA-C4D7ED343CA9}"
EndProject
Project("{FAE04EC0-301F-11D3-BF4B-00C04F79EFBC}") = "Microsoft.Implementation.Test.Console", "Microsoft.Implementation.Test.Console\Microsoft.Implementation.Test.Console.csproj", "{5B2C15C4-6478-4CFF-859C-7B0082CF13E8}"
EndProject
Project("{FAE04EC0-301F-11D3-BF4B-00C04F79EFBC}") = "AE.MachineLearning.HandWrittenDigits.App", "AE.MachineLearning.HandWrittenDigits.App\AE.MachineLearning.HandWrittenDigits.App.csproj", "{44DD5464-A696-4B92-97DC-EB6DCAF60ED8}"
EndProject
Project("{2150E333-8FDC-42A3-9474-1A3956D46DE8}") = "Solution Items", "Solution Items", "{617B2A2F-0B63-4C9A-9DD5-1656FE4C9509}"
	ProjectSection(SolutionItems) = preProject
		README.md = README.md
	EndProjectSection
EndProject
Project("{2150E333-8FDC-42A3-9474-1A3956D46DE8}") = "Data", "Data", "{8E384ABA-6A29-4B37-8B9A-7BC0E6625472}"
	ProjectSection(SolutionItems) = preProject
		data\test-nolabel.csv = data\test-nolabel.csv
		data\testdata.csv = data\testdata.csv
		data\train.csv = data\train.csv
		data\traindata.csv = data\traindata.csv
	EndProjectSection
EndProject
Project("{2150E333-8FDC-42A3-9474-1A3956D46DE8}") = "GoodResults", "GoodResults", "{69C294F0-DC56-4004-882F-8E4338EC31C7}"
	ProjectSection(SolutionItems) = preProject
		Data\GoodResults\NetworkFinal.xml = Data\GoodResults\NetworkFinal.xml
		Data\GoodResults\NetworkInit.xml = Data\GoodResults\NetworkInit.xml
		Data\GoodResults\predictions.csv = Data\GoodResults\predictions.csv
		Data\GoodResults\Runlog.txt = Data\GoodResults\Runlog.txt
	EndProjectSection
EndProject
Project("{FAE04EC0-301F-11D3-BF4B-00C04F79EFBC}") = "AE.MachineLearning.NeuralNet.GeneticAlgorithms", "AE.MachineLearning.NeuralNet.GeneticAlgorithms\AE.MachineLearning.NeuralNet.GeneticAlgorithms.csproj", "{445B538C-B106-4631-8AC6-84E32C3688A7}"
EndProject
Project("{FAE04EC0-301F-11D3-BF4B-00C04F79EFBC}") = "AE.MachineLearning.HandWrittenDigitRecogniser", "AE.MachineLearning.HandWrittenDigitRecogniser\AE.MachineLearning.HandWrittenDigitRecogniser.csproj", "{B8B9CC2E-C810-452E-957F-749E5051DD4A}"
EndProject
Project("{FAE04EC0-301F-11D3-BF4B-00C04F79EFBC}") = "AE.MachineLearning.Tests.HandWrittenDigits", "AE.MachineLearning.Tests.HandWrittenDigits\AE.MachineLearning.Tests.HandWrittenDigits.csproj", "{8BF85CEC-A6FA-4063-A94F-7F80798D562F}"
EndProject
Project("{FAE04EC0-301F-11D3-BF4B-00C04F79EFBC}") = "AE.MachineLearning.Tests.NeuralNet.GeneticAlgorithms", "AE.MachineLearning.Tests.NeuralNet..GeneticALgorithms\AE.MachineLearning.Tests.NeuralNet.GeneticAlgorithms.csproj", "{1F314091-64C3-4356-8CFC-11F439F78367}"
EndProject
Project("{FAE04EC0-301F-11D3-BF4B-00C04F79EFBC}") = "AE.MachineLearning.Tests.NeuralNet.Core", "AE.MachineLearning.Tests.NeuralNet.Core\AE.MachineLearning.Tests.NeuralNet.Core.csproj", "{F8733AAA-8A16-4D11-8257-43D05195DC9C}"
EndProject
Global
	GlobalSection(SolutionConfigurationPlatforms) = preSolution
		Debug|Any CPU = Debug|Any CPU
		Release|Any CPU = Release|Any CPU
	EndGlobalSection
	GlobalSection(ProjectConfigurationPlatforms) = postSolution
		{AFEEE0BD-0A9F-4207-9637-3EA7035DC716}.Debug|Any CPU.ActiveCfg = Debug|Any CPU
		{AFEEE0BD-0A9F-4207-9637-3EA7035DC716}.Debug|Any CPU.Build.0 = Debug|Any CPU
		{AFEEE0BD-0A9F-4207-9637-3EA7035DC716}.Release|Any CPU.ActiveCfg = Release|Any CPU
		{AFEEE0BD-0A9F-4207-9637-3EA7035DC716}.Release|Any CPU.Build.0 = Release|Any CPU
		{5B2C15C4-6478-4CFF-859C-7B0082CF13E8}.Debug|Any CPU.ActiveCfg = Debug|Any CPU
		{5B2C15C4-6478-4CFF-859C-7B0082CF13E8}.Debug|Any CPU.Build.0 = Debug|Any CPU
		{5B2C15C4-6478-4CFF-859C-7B0082CF13E8}.Release|Any CPU.ActiveCfg = Release|Any CPU
		{5B2C15C4-6478-4CFF-859C-7B0082CF13E8}.Release|Any CPU.Build.0 = Release|Any CPU
		{44DD5464-A696-4B92-97DC-EB6DCAF60ED8}.Debug|Any CPU.ActiveCfg = Debug|Any CPU
		{44DD5464-A696-4B92-97DC-EB6DCAF60ED8}.Debug|Any CPU.Build.0 = Debug|Any CPU
		{44DD5464-A696-4B92-97DC-EB6DCAF60ED8}.Release|Any CPU.ActiveCfg = Release|Any CPU
		{44DD5464-A696-4B92-97DC-EB6DCAF60ED8}.Release|Any CPU.Build.0 = Release|Any CPU
		{445B538C-B106-4631-8AC6-84E32C3688A7}.Debug|Any CPU.ActiveCfg = Debug|Any CPU
		{445B538C-B106-4631-8AC6-84E32C3688A7}.Debug|Any CPU.Build.0 = Debug|Any CPU
		{445B538C-B106-4631-8AC6-84E32C3688A7}.Release|Any CPU.ActiveCfg = Release|Any CPU
		{445B538C-B106-4631-8AC6-84E32C3688A7}.Release|Any CPU.Build.0 = Release|Any CPU
		{B8B9CC2E-C810-452E-957F-749E5051DD4A}.Debug|Any CPU.ActiveCfg = Debug|Any CPU
		{B8B9CC2E-C810-452E-957F-749E5051DD4A}.Debug|Any CPU.Build.0 = Debug|Any CPU
		{B8B9CC2E-C810-452E-957F-749E5051DD4A}.Release|Any CPU.ActiveCfg = Release|Any CPU
		{B8B9CC2E-C810-452E-957F-749E5051DD4A}.Release|Any CPU.Build.0 = Release|Any CPU
		{8BF85CEC-A6FA-4063-A94F-7F80798D562F}.Debug|Any CPU.ActiveCfg = Debug|Any CPU
		{8BF85CEC-A6FA-4063-A94F-7F80798D562F}.Debug|Any CPU.Build.0 = Debug|Any CPU
		{8BF85CEC-A6FA-4063-A94F-7F80798D562F}.Release|Any CPU.ActiveCfg = Release|Any CPU
		{8BF85CEC-A6FA-4063-A94F-7F80798D562F}.Release|Any CPU.Build.0 = Release|Any CPU
		{1F314091-64C3-4356-8CFC-11F439F78367}.Debug|Any CPU.ActiveCfg = Debug|Any CPU
		{1F314091-64C3-4356-8CFC-11F439F78367}.Debug|Any CPU.Build.0 = Debug|Any CPU
		{1F314091-64C3-4356-8CFC-11F439F78367}.Release|Any CPU.ActiveCfg = Release|Any CPU
		{1F314091-64C3-4356-8CFC-11F439F78367}.Release|Any CPU.Build.0 = Release|Any CPU
		{F8733AAA-8A16-4D11-8257-43D05195DC9C}.Debug|Any CPU.ActiveCfg = Debug|Any CPU
		{F8733AAA-8A16-4D11-8257-43D05195DC9C}.Debug|Any CPU.Build.0 = Debug|Any CPU
		{F8733AAA-8A16-4D11-8257-43D05195DC9C}.Release|Any CPU.ActiveCfg = Release|Any CPU
		{F8733AAA-8A16-4D11-8257-43D05195DC9C}.Release|Any CPU.Build.0 = Release|Any CPU
	EndGlobalSection
	GlobalSection(SolutionProperties) = preSolution
		HideSolutionNode = FALSE
	EndGlobalSection
	GlobalSection(NestedProjects) = preSolution
		{5B2C15C4-6478-4CFF-859C-7B0082CF13E8} = {9BFF99FD-F1A7-4F1A-96DA-C4D7ED343CA9}
		{8BF85CEC-A6FA-4063-A94F-7F80798D562F} = {9BFF99FD-F1A7-4F1A-96DA-C4D7ED343CA9}
		{1F314091-64C3-4356-8CFC-11F439F78367} = {9BFF99FD-F1A7-4F1A-96DA-C4D7ED343CA9}
		{F8733AAA-8A16-4D11-8257-43D05195DC9C} = {9BFF99FD-F1A7-4F1A-96DA-C4D7ED343CA9}
		{69C294F0-DC56-4004-882F-8E4338EC31C7} = {8E384ABA-6A29-4B37-8B9A-7BC0E6625472}
	EndGlobalSection
EndGlobal
